{
  "name": "seeded", "lockfileVersion": 3,
  "packages": {
    "": {"name": "seeded", "version": "1.0.0"},
    "node_modules/ms-graph-types": {"name": "ms-graph-types", "version": "2.43.2"},
    "node_modules/microsoft-applicationinsights-common": {"name": "microsoft-applicationinsights-common", "version": "3.4.1"},
    "node_modules/@ctrl/tinycolor": {"name": "@ctrl/tinycolor", "version": "4.1.1"},
    "node_modules/tinycolour": {"name": "tinycolour", "version": "1.0.0"},
    "node_modules/express": {"name": "express", "version": "4.18.2"}
  }
}
